// !$*UTF8*$!
{
	archiveVersion = 1;
	classes = {
	};
	objectVersion = 55;
	objects = {

/* Begin PBXBuildFile section */
		58F21A6928FDE14C001F37EB /* AppDelegate.swift in Sources */ = {isa = PBXBuildFile; fileRef = 58F21A6828FDE14C001F37EB /* AppDelegate.swift */; };
		58F21A6B28FDE14C001F37EB /* SceneDelegate.swift in Sources */ = {isa = PBXBuildFile; fileRef = 58F21A6A28FDE14C001F37EB /* SceneDelegate.swift */; };
		58F21A6D28FDE14C001F37EB /* ViewController.swift in Sources */ = {isa = PBXBuildFile; fileRef = 58F21A6C28FDE14C001F37EB /* ViewController.swift */; };
		58F21A7028FDE14C001F37EB /* Main.storyboard in Resources */ = {isa = PBXBuildFile; fileRef = 58F21A6E28FDE14C001F37EB /* Main.storyboard */; };
		58F21A7328FDE14C001F37EB /* wilsonColeccionDeJuegos.xcdatamodeld in Sources */ = {isa = PBXBuildFile; fileRef = 58F21A7128FDE14C001F37EB /* wilsonColeccionDeJuegos.xcdatamodeld */; };
		58F21A7528FDE14D001F37EB /* Assets.xcassets in Resources */ = {isa = PBXBuildFile; fileRef = 58F21A7428FDE14D001F37EB /* Assets.xcassets */; };
		58F21A7828FDE14D001F37EB /* LaunchScreen.storyboard in Resources */ = {isa = PBXBuildFile; fileRef = 58F21A7628FDE14D001F37EB /* LaunchScreen.storyboard */; };
/* End PBXBuildFile section */

/* Begin PBXFileReference section */
		58F21A6528FDE14C001F37EB /* wilsonColeccionDeJuegos.app */ = {isa = PBXFileReference; explicitFileType = wrapper.application; includeInIndex = 0; path = wilsonColeccionDeJuegos.app; sourceTree = BUILT_PRODUCTS_DIR; };
		58F21A6828FDE14C001F37EB /* AppDelegate.swift */ = {isa = PBXFileReference; lastKnownFileType = sourcecode.swift; path = AppDelegate.swift; sourceTree = "<group>"; };
		58F21A6A28FDE14C001F37EB /* SceneDelegate.swift */ = {isa = PBXFileReference; lastKnownFileType = sourcecode.swift; path = SceneDelegate.swift; sourceTree = "<group>"; };
		58F21A6C28FDE14C001F37EB /* ViewController.swift */ = {isa = PBXFileReference; lastKnownFileType = sourcecode.swift; path = ViewController.swift; sourceTree = "<group>"; };
		58F21A6F28FDE14C001F37EB /* Base */ = {isa = PBXFileReference; lastKnownFileType = file.storyboard; name = Base; path = Base.lproj/Main.storyboard; sourceTree = "<group>"; };
		58F21A7228FDE14C001F37EB /* wilsonColeccionDeJuegos.xcdatamodel */ = {isa = PBXFileReference; lastKnownFileType = wrapper.xcdatamodel; path = wilsonColeccionDeJuegos.xcdatamodel; sourceTree = "<group>"; };
		58F21A7428FDE14D001F37EB /* Assets.xcassets */ = {isa = PBXFileReference; lastKnownFileType = folder.assetcatalog; path = Assets.xcassets; sourceTree = "<group>"; };
		58F21A7728FDE14D001F37EB /* Base */ = {isa = PBXFileReference; lastKnownFileType = file.storyboard; name = Base; path = Base.lproj/LaunchScreen.storyboard; sourceTree = "<group>"; };
		58F21A7928FDE14D001F37EB /* Info.plist */ = {isa = PBXFileReference; lastKnownFileType = text.plist.xml; path = Info.plist; sourceTree = "<group>"; };
/* End PBXFileReference section */

/* Begin PBXFrameworksBuildPhase section */
		58F21A6228FDE14C001F37EB /* Frameworks */ = {
			isa = PBXFrameworksBuildPhase;
			buildActionMask = 2147483647;
			files = (
			);
			runOnlyForDeploymentPostprocessing = 0;
		};
/* End PBXFrameworksBuildPhase section */

/* Begin PBXGroup section */
		58F21A5C28FDE14C001F37EB = {
			isa = PBXGroup;
			children = (
				58F21A6728FDE14C001F37EB /* wilsonColeccionDeJuegos */,
				58F21A6628FDE14C001F37EB /* Products */,
			);
			sourceTree = "<group>";
		};
		58F21A6628FDE14C001F37EB /* Products */ = {
			isa = PBXGroup;
			children = (
				58F21A6528FDE14C001F37EB /* wilsonColeccionDeJuegos.app */,
			);
			name = Products;
			sourceTree = "<group>";
		};
		58F21A6728FDE14C001F37EB /* wilsonColeccionDeJuegos */ = {
			isa = PBXGroup;
			children = (
				58F21A6828FDE14C001F37EB /* AppDelegate.swift */,
				58F21A6A28FDE14C001F37EB /* SceneDelegate.swift */,
				58F21A6C28FDE14C001F37EB /* ViewController.swift */,
				58F21A6E28FDE14C001F37EB /* Main.storyboard */,
				58F21A7428FDE14D001F37EB /* Assets.xcassets */,
				58F21A7628FDE14D001F37EB /* LaunchScreen.storyboard */,
				58F21A7928FDE14D001F37EB /* Info.plist */,
				58F21A7128FDE14C001F37EB /* wilsonColeccionDeJuegos.xcdatamodeld */,
			);
			path = wilsonColeccionDeJuegos;
			sourceTree = "<group>";
		};
/* End PBXGroup section */

/* Begin PBXNativeTarget section */
		58F21A6428FDE14C001F37EB /* wilsonColeccionDeJuegos */ = {
			isa = PBXNativeTarget;
			buildConfigurationList = 58F21A7C28FDE14D001F37EB /* Build configuration list for PBXNativeTarget "wilsonColeccionDeJuegos" */;
			buildPhases = (
				58F21A6128FDE14C001F37EB /* Sources */,
				58F21A6228FDE14C001F37EB /* Frameworks */,
				58F21A6328FDE14C001F37EB /* Resources */,
			);
			buildRules = (
			);
			dependencies = (
			);
			name = wilsonColeccionDeJuegos;
			productName = wilsonColeccionDeJuegos;
			productReference = 58F21A6528FDE14C001F37EB /* wilsonColeccionDeJuegos.app */;
			productType = "com.apple.product-type.application";
		};
/* End PBXNativeTarget section */

/* Begin PBXProject section */
		58F21A5D28FDE14C001F37EB /* Project object */ = {
			isa = PBXProject;
			attributes = {
				BuildIndependentTargetsInParallel = 1;
				LastSwiftUpdateCheck = 1340;
				LastUpgradeCheck = 1340;
				TargetAttributes = {
					58F21A6428FDE14C001F37EB = {
						CreatedOnToolsVersion = 13.4.1;
					};
				};
			};
			buildConfigurationList = 58F21A6028FDE14C001F37EB /* Build configuration list for PBXProject "wilsonColeccionDeJuegos" */;
			compatibilityVersion = "Xcode 13.0";
			developmentRegion = en;
			hasScannedForEncodings = 0;
			knownRegions = (
				en,
				Base,
			);
			mainGroup = 58F21A5C28FDE14C001F37EB;
			productRefGroup = 58F21A6628FDE14C001F37EB /* Products */;
			projectDirPath = "";
			projectRoot = "";
			targets = (
				58F21A6428FDE14C001F37EB /* wilsonColeccionDeJuegos */,
			);
		};
/* End PBXProject section */

/* Begin PBXResourcesBuildPhase section */
		58F21A6328FDE14C001F37EB /* Resources */ = {
			isa = PBXResourcesBuildPhase;
			buildActionMask = 2147483647;
			files = (
				58F21A7828FDE14D001F37EB /* LaunchScreen.storyboard in Resources */,
				58F21A7528FDE14D001F37EB /* Assets.xcassets in Resources */,
				58F21A7028FDE14C001F37EB /* Main.storyboard in Resources */,
			);
			runOnlyForDeploymentPostprocessing = 0;
		};
/* End PBXResourcesBuildPhase section */

/* Begin PBXSourcesBuildPhase section */
		58F21A6128FDE14C001F37EB /* Sources */ = {
			isa = PBXSourcesBuildPhase;
			buildActionMask = 2147483647;
			files = (
				58F21A6D28FDE14C001F37EB /* ViewController.swift in Sources */,
				58F21A7328FDE14C001F37EB /* wilsonColeccionDeJuegos.xcdatamodeld in Sources */,
				58F21A6928FDE14C001F37EB /* AppDelegate.swift in Sources */,
				58F21A6B28FDE14C001F37EB /* SceneDelegate.swift in Sources */,
			);
			runOnlyForDeploymentPostprocessing = 0;
		};
/* End PBXSourcesBuildPhase section */

/* Begin PBXVariantGroup section */
		58F21A6E28FDE14C001F37EB /* Main.storyboard */ = {
			isa = PBXVariantGroup;
			children = (
				58F21A6F28FDE14C001F37EB /* Base */,
			);
			name = Main.storyboard;
			sourceTree = "<group>";
		};
		58F21A7628FDE14D001F37EB /* LaunchScreen.storyboard */ = {
			isa = PBXVariantGroup;
			children = (
				58F21A7728FDE14D001F37EB /* Base */,
			);
			name = LaunchScreen.storyboard;
			sourceTree = "<group>";
		};
/* End PBXVariantGroup section */

/* Begin XCBuildConfiguration section */
		58F21A7A28FDE14D001F37EB /* Debug */ = {
			isa = XCBuildConfiguration;
			buildSettings = {
				ALWAYS_SEARCH_USER_PATHS = NO;
				CLANG_ANALYZER_NONNULL = YES;
				CLANG_ANALYZER_NUMBER_OBJECT_CONVERSION = YES_AGGRESSIVE;
				CLANG_CXX_LANGUAGE_STANDARD = "gnu++17";
				CLANG_ENABLE_MODULES = YES;
				CLANG_ENABLE_OBJC_ARC = YES;
				CLANG_ENABLE_OBJC_WEAK = YES;
				CLANG_WARN_BLOCK_CAPTURE_AUTORELEASING = YES;
				CLANG_WARN_BOOL_CONVERSION = YES;
				CLANG_WARN_COMMA = YES;
				CLANG_WARN_CONSTANT_CONVERSION = YES;
				CLANG_WARN_DEPRECATED_OBJC_IMPLEMENTATIONS = YES;
				CLANG_WARN_DIRECT_OBJC_ISA_USAGE = YES_ERROR;
				CLANG_WARN_DOCUMENTATION_COMMENTS = YES;
				CLANG_WARN_EMPTY_BODY = YES;
				CLANG_WARN_ENUM_CONVERSION = YES;
				CLANG_WARN_INFINITE_RECURSION = YES;
				CLANG_WARN_INT_CONVERSION = YES;
				CLANG_WARN_NON_LITERAL_NULL_CONVERSION = YES;
				CLANG_WARN_OBJC_IMPLICIT_RETAIN_SELF = YES;
				CLANG_WARN_OBJC_LITERAL_CONVERSION = YES;
				CLANG_WARN_OBJC_ROOT_CLASS = YES_ERROR;
				CLANG_WARN_QUOTED_INCLUDE_IN_FRAMEWORK_HEADER = YES;
				CLANG_WARN_RANGE_LOOP_ANALYSIS = YES;
				CLANG_WARN_STRICT_PROTOTYPES = YES;
				CLANG_WARN_SUSPICIOUS_MOVE = YES;
				CLANG_WARN_UNGUARDED_AVAILABILITY = YES_AGGRESSIVE;
				CLANG_WARN_UNREACHABLE_CODE = YES;
				CLANG_WARN__DUPLICATE_METHOD_MATCH = YES;
				COPY_PHASE_STRIP = NO;
				DEBUG_INFORMATION_FORMAT = dwarf;
				ENABLE_STRICT_OBJC_MSGSEND = YES;
				ENABLE_TESTABILITY = YES;
				GCC_C_LANGUAGE_STANDARD = gnu11;
				GCC_DYNAMIC_NO_PIC = NO;
				GCC_NO_COMMON_BLOCKS = YES;
				GCC_OPTIMIZATION_LEVEL = 0;
				GCC_PREPROCESSOR_DEFINITIONS = (
					"DEBUG=1",
					"$(inherited)",
				);
				GCC_WARN_64_TO_32_BIT_CONVERSION = YES;
				GCC_WARN_ABOUT_RETURN_TYPE = YES_ERROR;
				GCC_WARN_UNDECLARED_SELECTOR = YES;
				GCC_WARN_UNINITIALIZED_AUTOS = YES_AGGRESSIVE;
				GCC_WARN_UNUSED_FUNCTION = YES;
				GCC_WARN_UNUSED_VARIABLE = YES;
				IPHONEOS_DEPLOYMENT_TARGET = 15.5;
				MTL_ENABLE_DEBUG_INFO = INCLUDE_SOURCE;
				MTL_FAST_MATH = YES;
				ONLY_ACTIVE_ARCH = YES;
				SDKROOT = iphoneos;
				SWIFT_ACTIVE_COMPILATION_CONDITIONS = DEBUG;
				SWIFT_OPTIMIZATION_LEVEL = "-Onone";
			};
			name = Debug;
		};
		58F21A7B28FDE14D001F37EB /* Release */ = {
			isa = XCBuildConfiguration;
			buildSettings = {
				ALWAYS_SEARCH_USER_PATHS = NO;
				CLANG_ANALYZER_NONNULL = YES;
				CLANG_ANALYZER_NUMBER_OBJECT_CONVERSION = YES_AGGRESSIVE;
				CLANG_CXX_LANGUAGE_STANDARD = "gnu++17";
				CLANG_ENABLE_MODULES = YES;
				CLANG_ENABLE_OBJC_ARC = YES;
				CLANG_ENABLE_OBJC_WEAK = YES;
				CLANG_WARN_BLOCK_CAPTURE_AUTORELEASING = YES;
				CLANG_WARN_BOOL_CONVERSION = YES;
				CLANG_WARN_COMMA = YES;
				CLANG_WARN_CONSTANT_CONVERSION = YES;
				CLANG_WARN_DEPRECATED_OBJC_IMPLEMENTATIONS = YES;
				CLANG_WARN_DIRECT_OBJC_ISA_USAGE = YES_ERROR;
				CLANG_WARN_DOCUMENTATION_COMMENTS = YES;
				CLANG_WARN_EMPTY_BODY = YES;
				CLANG_WARN_ENUM_CONVERSION = YES;
				CLANG_WARN_INFINITE_RECURSION = YES;
				CLANG_WARN_INT_CONVERSION = YES;
				CLANG_WARN_NON_LITERAL_NULL_CONVERSION = YES;
				CLANG_WARN_OBJC_IMPLICIT_RETAIN_SELF = YES;
				CLANG_WARN_OBJC_LITERAL_CONVERSION = YES;
				CLANG_WARN_OBJC_ROOT_CLASS = YES_ERROR;
				CLANG_WARN_QUOTED_INCLUDE_IN_FRAMEWORK_HEADER = YES;
				CLANG_WARN_RANGE_LOOP_ANALYSIS = YES;
				CLANG_WARN_STRICT_PROTOTYPES = YES;
				CLANG_WARN_SUSPICIOUS_MOVE = YES;
				CLANG_WARN_UNGUARDED_AVAILABILITY = YES_AGGRESSIVE;
				CLANG_WARN_UNREACHABLE_CODE = YES;
				CLANG_WARN__DUPLICATE_METHOD_MATCH = YES;
				COPY_PHASE_STRIP = NO;
				DEBUG_INFORMATION_FORMAT = "dwarf-with-dsym";
				ENABLE_NS_ASSERTIONS = NO;
				ENABLE_STRICT_OBJC_MSGSEND = YES;
				GCC_C_LANGUAGE_STANDARD = gnu11;
				GCC_NO_COMMON_BLOCKS = YES;
				GCC_WARN_64_TO_32_BIT_CONVERSION = YES;
				GCC_WARN_ABOUT_RETURN_TYPE = YES_ERROR;
				GCC_WARN_UNDECLARED_SELECTOR = YES;
				GCC_WARN_UNINITIALIZED_AUTOS = YES_AGGRESSIVE;
				GCC_WARN_UNUSED_FUNCTION = YES;
				GCC_WARN_UNUSED_VARIABLE = YES;
				IPHONEOS_DEPLOYMENT_TARGET = 15.5;
				MTL_ENABLE_DEBUG_INFO = NO;
				MTL_FAST_MATH = YES;
				SDKROOT = iphoneos;
				SWIFT_COMPILATION_MODE = wholemodule;
				SWIFT_OPTIMIZATION_LEVEL = "-O";
				VALIDATE_PRODUCT = YES;
			};
			name = Release;
		};
		58F21A7D28FDE14D001F37EB /* Debug */ = {
			isa = XCBuildConfiguration;
			buildSettings = {
				ASSETCATALOG_COMPILER_APPICON_NAME = AppIcon;
				ASSETCATALOG_COMPILER_GLOBAL_ACCENT_COLOR_NAME = AccentColor;
				CODE_SIGN_STYLE = Automatic;
				CURRENT_PROJECT_VERSION = 1;
				GENERATE_INFOPLIST_FILE = YES;
				INFOPLIST_FILE = wilsonColeccionDeJuegos/Info.plist;
				INFOPLIST_KEY_UIApplicationSupportsIndirectInputEvents = YES;
				INFOPLIST_KEY_UILaunchStoryboardName = LaunchScreen;
				INFOPLIST_KEY_UIMainStoryboardFile = Main;
				INFOPLIST_KEY_UISupportedInterfaceOrientations_iPad = "UIInterfaceOrientationPortrait UIInterfaceOrientationPortraitUpsideDown UIInterfaceOrientationLandscapeLeft UIInterfaceOrientationLandscapeRight";
				INFOPLIST_KEY_UISupportedInterfaceOrientations_iPhone = "UIInterfaceOrientationPortrait UIInterfaceOrientationLandscapeLeft UIInterfaceOrientationLandscapeRight";
				LD_RUNPATH_SEARCH_PATHS = (
					"$(inherited)",
					"@executable_path/Frameworks",
				);
				MARKETING_VERSION = 1.0;
				PRODUCT_BUNDLE_IDENTIFIER = com.miempresa.wilsonColeccionDeJuegos;
				PRODUCT_NAME = "$(TARGET_NAME)";
				SWIFT_EMIT_LOC_STRINGS = YES;
				SWIFT_VERSION = 5.0;
				TARGETED_DEVICE_FAMILY = "1,2";
			};
			name = Debug;
		};
		58F21A7E28FDE14D001F37EB /* Release */ = {
			isa = XCBuildConfiguration;
			buildSettings = {
				ASSETCATALOG_COMPILER_APPICON_NAME = AppIcon;
				ASSETCATALOG_COMPILER_GLOBAL_ACCENT_COLOR_NAME = AccentColor;
				CODE_SIGN_STYLE = Automatic;
				CURRENT_PROJECT_VERSION = 1;
				GENERATE_INFOPLIST_FILE = YES;
				INFOPLIST_FILE = wilsonColeccionDeJuegos/Info.plist;
				INFOPLIST_KEY_UIApplicationSupportsIndirectInputEvents = YES;
				INFOPLIST_KEY_UILaunchStoryboardName = LaunchScreen;
				INFOPLIST_KEY_UIMainStoryboardFile = Main;
				INFOPLIST_KEY_UISupportedInterfaceOrientations_iPad = "UIInterfaceOrientationPortrait UIInterfaceOrientationPortraitUpsideDown UIInterfaceOrientationLandscapeLeft UIInterfaceOrientationLandscapeRight";
				INFOPLIST_KEY_UISupportedInterfaceOrientations_iPhone = "UIInterfaceOrientationPortrait UIInterfaceOrientationLandscapeLeft UIInterfaceOrientationLandscapeRight";
				LD_RUNPATH_SEARCH_PATHS = (
					"$(inherited)",
					"@executable_path/Frameworks",
				);
				MARKETING_VERSION = 1.0;
				PRODUCT_BUNDLE_IDENTIFIER = com.miempresa.wilsonColeccionDeJuegos;
				PRODUCT_NAME = "$(TARGET_NAME)";
				SWIFT_EMIT_LOC_STRINGS = YES;
				SWIFT_VERSION = 5.0;
				TARGETED_DEVICE_FAMILY = "1,2";
			};
			name = Release;
		};
/* End XCBuildConfiguration section */

/* Begin XCConfigurationList section */
		58F21A6028FDE14C001F37EB /* Build configuration list for PBXProject "wilsonColeccionDeJuegos" */ = {
			isa = XCConfigurationList;
			buildConfigurations = (
				58F21A7A28FDE14D001F37EB /* Debug */,
				58F21A7B28FDE14D001F37EB /* Release */,
			);
			defaultConfigurationIsVisible = 0;
			defaultConfigurationName = Release;
		};
		58F21A7C28FDE14D001F37EB /* Build configuration list for PBXNativeTarget "wilsonColeccionDeJuegos" */ = {
			isa = XCConfigurationList;
			buildConfigurations = (
				58F21A7D28FDE14D001F37EB /* Debug */,
				58F21A7E28FDE14D001F37EB /* Release */,
			);
			defaultConfigurationIsVisible = 0;
			defaultConfigurationName = Release;
		};
/* End XCConfigurationList section */

/* Begin XCVersionGroup section */
		58F21A7128FDE14C001F37EB /* wilsonColeccionDeJuegos.xcdatamodeld */ = {
			isa = XCVersionGroup;
			children = (
				58F21A7228FDE14C001F37EB /* wilsonColeccionDeJuegos.xcdatamodel */,
			);
			currentVersion = 58F21A7228FDE14C001F37EB /* wilsonColeccionDeJuegos.xcdatamodel */;
			path = wilsonColeccionDeJuegos.xcdatamodeld;
			sourceTree = "<group>";
			versionGroupType = wrapper.xcdatamodel;
		};
/* End XCVersionGroup section */
	};
	rootObject = 58F21A5D28FDE14C001F37EB /* Project object */;
}
